# This file is automatically @generated by Cargo.
# It is not intended for manual editing.
[[package]]
name = "env"
version = "0.0.1"
dependencies = [
 "libw",
]

[[package]]
name = "libw"
version = "0.1.2"
source = "registry+https://github.com/rust-lang/crates.io-index"
checksum = "2478eed55e7c1f4ea7357d94f7787b23192fad4b176507ec4445c9032b6ba112"
dependencies = [
 "wasi",
]

[[package]]
name = "wasi"
version = "0.9.0+wasi-snapshot-preview1"
source = "registry+https://github.com/rust-lang/crates.io-index"
checksum = "cccddf32554fecc6acb585f82a32a72e28b48f8c4c1883ddfeeeaa96f7d8e519"
